
Microsoft Visual Studio Solution File, Format Version 12.00
# Visual Studio Version 16
VisualStudioVersion = 16.0.31624.102
MinimumVisualStudioVersion = 10.0.40219.1
Project("{FAE04EC0-301F-11D3-BF4B-00C04F79EFBC}") = "WpfControlTemplatesDemo", "WpfControlTemplatesDemo\WpfControlTemplatesDemo.csproj", "{73D4314C-1E89-4330-8F88-4D34F2188E58}"
EndProject
Global
	GlobalSection(SolutionConfigurationPlatforms) = preSolution
		Debug|Any CPU = Debug|Any CPU
		Release|Any CPU = Release|Any CPU
	EndGlobalSection
	GlobalSection(ProjectConfigurationPlatforms) = postSolution
		{73D4314C-1E89-4330-8F88-4D34F2188E58}.Debug|Any CPU.ActiveCfg = Debug|Any CPU
		{73D4314C-1E89-4330-8F88-4D34F2188E58}.Debug|Any CPU.Build.0 = Debug|Any CPU
		{73D4314C-1E89-4330-8F88-4D34F2188E58}.Release|Any CPU.ActiveCfg = Release|Any CPU
		{73D4314C-1E89-4330-8F88-4D34F2188E58}.Release|Any CPU.Build.0 = Release|Any CPU
	EndGlobalSection
	GlobalSection(SolutionProperties) = preSolution
		HideSolutionNode = FALSE
	EndGlobalSection
	GlobalSection(ExtensibilityGlobals) = postSolution
		SolutionGuid = {2E27670F-C2E6-4325-A282-83DDC1D85995}
	EndGlobalSection
EndGlobal
